
Microsoft Visual Studio Solution File, Format Version 12.00
# Visual Studio Version 16
VisualStudioVersion = 16.0.29613.14
MinimumVisualStudioVersion = 10.0.40219.1
Project("{9A19103F-16F7-4668-BE54-9A1E7A4F7556}") = "SmartTests", "SmartTests\SmartTests.csproj", "{51FE4134-1E3B-4281-8330-BE415F66FD39}"
EndProject
Project("{FAE04EC0-301F-11D3-BF4B-00C04F79EFBC}") = "TestingProject", "TestingProject\TestingProject.csproj", "{DB4649CD-FC46-46F8-B007-BFA0264532AE}"
	ProjectSection(ProjectDependencies) = postProject
		{51FE4134-1E3B-4281-8330-BE415F66FD39} = {51FE4134-1E3B-4281-8330-BE415F66FD39}
	EndProjectSection
EndProject
Project("{9A19103F-16F7-4668-BE54-9A1E7A4F7556}") = "SmartTestsAnalyzer", "SmartTestsAnalyzer\SmartTestsAnalyzer\SmartTestsAnalyzer.csproj", "{C22596FD-95AC-4689-836C-2D0C5DB37D31}"
EndProject
Project("{FAE04EC0-301F-11D3-BF4B-00C04F79EFBC}") = "SmartTestsAnalyzer.Test", "SmartTestsAnalyzer\SmartTestsAnalyzer.Test\SmartTestsAnalyzer.Test.csproj", "{60EB4D1B-E47A-4AF2-B024-E9BB37D4D6A4}"
EndProject
Project("{FAE04EC0-301F-11D3-BF4B-00C04F79EFBC}") = "SmartTestsAnalyzer.Vsix", "SmartTestsAnalyzer\SmartTestsAnalyzer.Vsix\SmartTestsAnalyzer.Vsix.csproj", "{2C249C25-A8A6-4F7F-A688-93981A50A83F}"
	ProjectSection(ProjectDependencies) = postProject
		{C22596FD-95AC-4689-836C-2D0C5DB37D31} = {C22596FD-95AC-4689-836C-2D0C5DB37D31}
	EndProjectSection
EndProject
Project("{FAE04EC0-301F-11D3-BF4B-00C04F79EFBC}") = "SmartTestsAnalyzer.Runtime.Test", "SmartTestsAnalyzer.Runtime.Test\SmartTestsAnalyzer.Runtime.Test.csproj", "{556C56F3-2971-4264-938C-997812F3F9AF}"
	ProjectSection(ProjectDependencies) = postProject
		{51FE4134-1E3B-4281-8330-BE415F66FD39} = {51FE4134-1E3B-4281-8330-BE415F66FD39}
	EndProjectSection
EndProject
Project("{7CF6DF6D-3B04-46F8-A40B-537D21BCA0B4}") = "SmartTestsDoc", "SmartTestsDoc\SmartTestsDoc.shfbproj", "{04791F62-142E-4517-839A-3DD213E11F25}"
EndProject
Project("{FAE04EC0-301F-11D3-BF4B-00C04F79EFBC}") = "SmartTestsExtension", "SmartTestsExtension\SmartTestsExtension.csproj", "{455052FD-0901-44DD-8D77-29B6AF45B49C}"
	ProjectSection(ProjectDependencies) = postProject
		{51FE4134-1E3B-4281-8330-BE415F66FD39} = {51FE4134-1E3B-4281-8330-BE415F66FD39}
		{C22596FD-95AC-4689-836C-2D0C5DB37D31} = {C22596FD-95AC-4689-836C-2D0C5DB37D31}
	EndProjectSection
EndProject
Project("{FAE04EC0-301F-11D3-BF4B-00C04F79EFBC}") = "SmartTests.Test", "SmartTests.Test\SmartTests.Test.csproj", "{8798CAF4-4EC3-46E1-9C65-63C7C3C2F694}"
EndProject
Project("{9A19103F-16F7-4668-BE54-9A1E7A4F7556}") = "Example01", "Examples\Example01\Example01.csproj", "{61557A88-0DC3-464E-BC1B-8C2F11931E3F}"
EndProject
Project("{2150E333-8FDC-42A3-9474-1A3956D46DE8}") = "Examples", "Examples", "{66828B05-8D81-48BB-805F-C63E13CEE744}"
EndProject
Project("{FAE04EC0-301F-11D3-BF4B-00C04F79EFBC}") = "Example01Tests", "Examples\Example01Tests\Example01Tests.csproj", "{20C601A0-D10F-4007-A92C-3F0947F33FA4}"
EndProject
Project("{FAE04EC0-301F-11D3-BF4B-00C04F79EFBC}") = "SmartTests.MSTests.Test", "SmartTests.MSTests.Test\SmartTests.MSTests.Test.csproj", "{16632A95-8655-4F98-9C99-D4E90C3AC37C}"
EndProject
Project("{FAE04EC0-301F-11D3-BF4B-00C04F79EFBC}") = "SmartTests.NUnit.Test", "SmartTests.NUnit.Test\SmartTests.NUnit.Test.csproj", "{B3525010-61EB-410D-967C-2D956BC1EFC4}"
EndProject
Global
	GlobalSection(SolutionConfigurationPlatforms) = preSolution
		Debug|Any CPU = Debug|Any CPU
		Release|Any CPU = Release|Any CPU
	EndGlobalSection
	GlobalSection(ProjectConfigurationPlatforms) = postSolution
		{51FE4134-1E3B-4281-8330-BE415F66FD39}.Debug|Any CPU.ActiveCfg = Debug|Any CPU
		{51FE4134-1E3B-4281-8330-BE415F66FD39}.Debug|Any CPU.Build.0 = Debug|Any CPU
		{51FE4134-1E3B-4281-8330-BE415F66FD39}.Release|Any CPU.ActiveCfg = Release|Any CPU
		{51FE4134-1E3B-4281-8330-BE415F66FD39}.Release|Any CPU.Build.0 = Release|Any CPU
		{DB4649CD-FC46-46F8-B007-BFA0264532AE}.Debug|Any CPU.ActiveCfg = Debug|Any CPU
		{DB4649CD-FC46-46F8-B007-BFA0264532AE}.Debug|Any CPU.Build.0 = Debug|Any CPU
		{DB4649CD-FC46-46F8-B007-BFA0264532AE}.Release|Any CPU.ActiveCfg = Release|Any CPU
		{DB4649CD-FC46-46F8-B007-BFA0264532AE}.Release|Any CPU.Build.0 = Release|Any CPU
		{C22596FD-95AC-4689-836C-2D0C5DB37D31}.Debug|Any CPU.ActiveCfg = Debug|Any CPU
		{C22596FD-95AC-4689-836C-2D0C5DB37D31}.Debug|Any CPU.Build.0 = Debug|Any CPU
		{C22596FD-95AC-4689-836C-2D0C5DB37D31}.Release|Any CPU.ActiveCfg = Release|Any CPU
		{C22596FD-95AC-4689-836C-2D0C5DB37D31}.Release|Any CPU.Build.0 = Release|Any CPU
		{60EB4D1B-E47A-4AF2-B024-E9BB37D4D6A4}.Debug|Any CPU.ActiveCfg = Debug|Any CPU
		{60EB4D1B-E47A-4AF2-B024-E9BB37D4D6A4}.Debug|Any CPU.Build.0 = Debug|Any CPU
		{60EB4D1B-E47A-4AF2-B024-E9BB37D4D6A4}.Release|Any CPU.ActiveCfg = Release|Any CPU
		{60EB4D1B-E47A-4AF2-B024-E9BB37D4D6A4}.Release|Any CPU.Build.0 = Release|Any CPU
		{2C249C25-A8A6-4F7F-A688-93981A50A83F}.Debug|Any CPU.ActiveCfg = Debug|Any CPU
		{2C249C25-A8A6-4F7F-A688-93981A50A83F}.Debug|Any CPU.Build.0 = Debug|Any CPU
		{2C249C25-A8A6-4F7F-A688-93981A50A83F}.Release|Any CPU.ActiveCfg = Release|Any CPU
		{2C249C25-A8A6-4F7F-A688-93981A50A83F}.Release|Any CPU.Build.0 = Release|Any CPU
		{556C56F3-2971-4264-938C-997812F3F9AF}.Debug|Any CPU.ActiveCfg = Debug|Any CPU
		{556C56F3-2971-4264-938C-997812F3F9AF}.Debug|Any CPU.Build.0 = Debug|Any CPU
		{556C56F3-2971-4264-938C-997812F3F9AF}.Release|Any CPU.ActiveCfg = Release|Any CPU
		{556C56F3-2971-4264-938C-997812F3F9AF}.Release|Any CPU.Build.0 = Release|Any CPU
		{04791F62-142E-4517-839A-3DD213E11F25}.Debug|Any CPU.ActiveCfg = Debug|Any CPU
		{04791F62-142E-4517-839A-3DD213E11F25}.Release|Any CPU.ActiveCfg = Release|Any CPU
		{04791F62-142E-4517-839A-3DD213E11F25}.Release|Any CPU.Build.0 = Release|Any CPU
		{455052FD-0901-44DD-8D77-29B6AF45B49C}.Debug|Any CPU.ActiveCfg = Debug|Any CPU
		{455052FD-0901-44DD-8D77-29B6AF45B49C}.Debug|Any CPU.Build.0 = Debug|Any CPU
		{455052FD-0901-44DD-8D77-29B6AF45B49C}.Release|Any CPU.ActiveCfg = Release|Any CPU
		{455052FD-0901-44DD-8D77-29B6AF45B49C}.Release|Any CPU.Build.0 = Release|Any CPU
		{8798CAF4-4EC3-46E1-9C65-63C7C3C2F694}.Debug|Any CPU.ActiveCfg = Debug|Any CPU
		{8798CAF4-4EC3-46E1-9C65-63C7C3C2F694}.Debug|Any CPU.Build.0 = Debug|Any CPU
		{8798CAF4-4EC3-46E1-9C65-63C7C3C2F694}.Release|Any CPU.ActiveCfg = Release|Any CPU
		{8798CAF4-4EC3-46E1-9C65-63C7C3C2F694}.Release|Any CPU.Build.0 = Release|Any CPU
		{61557A88-0DC3-464E-BC1B-8C2F11931E3F}.Debug|Any CPU.ActiveCfg = Debug|Any CPU
		{61557A88-0DC3-464E-BC1B-8C2F11931E3F}.Debug|Any CPU.Build.0 = Debug|Any CPU
		{61557A88-0DC3-464E-BC1B-8C2F11931E3F}.Release|Any CPU.ActiveCfg = Release|Any CPU
		{61557A88-0DC3-464E-BC1B-8C2F11931E3F}.Release|Any CPU.Build.0 = Release|Any CPU
		{20C601A0-D10F-4007-A92C-3F0947F33FA4}.Debug|Any CPU.ActiveCfg = Debug|Any CPU
		{20C601A0-D10F-4007-A92C-3F0947F33FA4}.Debug|Any CPU.Build.0 = Debug|Any CPU
		{20C601A0-D10F-4007-A92C-3F0947F33FA4}.Release|Any CPU.ActiveCfg = Release|Any CPU
		{20C601A0-D10F-4007-A92C-3F0947F33FA4}.Release|Any CPU.Build.0 = Release|Any CPU
		{16632A95-8655-4F98-9C99-D4E90C3AC37C}.Debug|Any CPU.ActiveCfg = Debug|Any CPU
		{16632A95-8655-4F98-9C99-D4E90C3AC37C}.Debug|Any CPU.Build.0 = Debug|Any CPU
		{16632A95-8655-4F98-9C99-D4E90C3AC37C}.Release|Any CPU.ActiveCfg = Release|Any CPU
		{16632A95-8655-4F98-9C99-D4E90C3AC37C}.Release|Any CPU.Build.0 = Release|Any CPU
		{B3525010-61EB-410D-967C-2D956BC1EFC4}.Debug|Any CPU.ActiveCfg = Debug|Any CPU
		{B3525010-61EB-410D-967C-2D956BC1EFC4}.Debug|Any CPU.Build.0 = Debug|Any CPU
		{B3525010-61EB-410D-967C-2D956BC1EFC4}.Release|Any CPU.ActiveCfg = Release|Any CPU
		{B3525010-61EB-410D-967C-2D956BC1EFC4}.Release|Any CPU.Build.0 = Release|Any CPU
	EndGlobalSection
	GlobalSection(SolutionProperties) = preSolution
		HideSolutionNode = FALSE
	EndGlobalSection
	GlobalSection(NestedProjects) = preSolution
		{61557A88-0DC3-464E-BC1B-8C2F11931E3F} = {66828B05-8D81-48BB-805F-C63E13CEE744}
		{20C601A0-D10F-4007-A92C-3F0947F33FA4} = {66828B05-8D81-48BB-805F-C63E13CEE744}
	EndGlobalSection
	GlobalSection(ExtensibilityGlobals) = postSolution
		SolutionGuid = {002A2813-33FF-4BE6-A82B-DCBDB7037128}
	EndGlobalSection
EndGlobal
