
Microsoft Visual Studio Solution File, Format Version 12.00
# Visual Studio 15
VisualStudioVersion = 15.0.26730.15
MinimumVisualStudioVersion = 10.0.40219.1
Project("{FAE04EC0-301F-11D3-BF4B-00C04F79EFBC}") = "SmartTests", "SmartTests\SmartTests.csproj", "{51FE4134-1E3B-4281-8330-BE415F66FD39}"
EndProject
Project("{FAE04EC0-301F-11D3-BF4B-00C04F79EFBC}") = "TestingProject", "TestingProject\TestingProject.csproj", "{DB4649CD-FC46-46F8-B007-BFA0264532AE}"
EndProject
Project("{FAE04EC0-301F-11D3-BF4B-00C04F79EFBC}") = "SmartTestsAnalyzer", "SmartTestsAnalyzer\SmartTestsAnalyzer\SmartTestsAnalyzer.csproj", "{C22596FD-95AC-4689-836C-2D0C5DB37D31}"
EndProject
Project("{FAE04EC0-301F-11D3-BF4B-00C04F79EFBC}") = "SmartTestsAnalyzer.Test", "SmartTestsAnalyzer\SmartTestsAnalyzer.Test\SmartTestsAnalyzer.Test.csproj", "{60EB4D1B-E47A-4AF2-B024-E9BB37D4D6A4}"
EndProject
Project("{FAE04EC0-301F-11D3-BF4B-00C04F79EFBC}") = "SmartTestsAnalyzer.Vsix", "SmartTestsAnalyzer\SmartTestsAnalyzer.Vsix\SmartTestsAnalyzer.Vsix.csproj", "{2C249C25-A8A6-4F7F-A688-93981A50A83F}"
EndProject
Project("{FAE04EC0-301F-11D3-BF4B-00C04F79EFBC}") = "SmartTestsAnalyzer.Runtime.Test", "SmartTestsAnalyzer.Runtime.Test\SmartTestsAnalyzer.Runtime.Test.csproj", "{556C56F3-2971-4264-938C-997812F3F9AF}"
EndProject
Global
	GlobalSection(SolutionConfigurationPlatforms) = preSolution
		Debug|Any CPU = Debug|Any CPU
		Release|Any CPU = Release|Any CPU
	EndGlobalSection
	GlobalSection(ProjectConfigurationPlatforms) = postSolution
		{51FE4134-1E3B-4281-8330-BE415F66FD39}.Debug|Any CPU.ActiveCfg = Debug|Any CPU
		{51FE4134-1E3B-4281-8330-BE415F66FD39}.Debug|Any CPU.Build.0 = Debug|Any CPU
		{51FE4134-1E3B-4281-8330-BE415F66FD39}.Release|Any CPU.ActiveCfg = Release|Any CPU
		{51FE4134-1E3B-4281-8330-BE415F66FD39}.Release|Any CPU.Build.0 = Release|Any CPU
		{DB4649CD-FC46-46F8-B007-BFA0264532AE}.Debug|Any CPU.ActiveCfg = Debug|Any CPU
		{DB4649CD-FC46-46F8-B007-BFA0264532AE}.Debug|Any CPU.Build.0 = Debug|Any CPU
		{DB4649CD-FC46-46F8-B007-BFA0264532AE}.Release|Any CPU.ActiveCfg = Release|Any CPU
		{DB4649CD-FC46-46F8-B007-BFA0264532AE}.Release|Any CPU.Build.0 = Release|Any CPU
		{C22596FD-95AC-4689-836C-2D0C5DB37D31}.Debug|Any CPU.ActiveCfg = Debug|Any CPU
		{C22596FD-95AC-4689-836C-2D0C5DB37D31}.Debug|Any CPU.Build.0 = Debug|Any CPU
		{C22596FD-95AC-4689-836C-2D0C5DB37D31}.Release|Any CPU.ActiveCfg = Release|Any CPU
		{C22596FD-95AC-4689-836C-2D0C5DB37D31}.Release|Any CPU.Build.0 = Release|Any CPU
		{60EB4D1B-E47A-4AF2-B024-E9BB37D4D6A4}.Debug|Any CPU.ActiveCfg = Debug|Any CPU
		{60EB4D1B-E47A-4AF2-B024-E9BB37D4D6A4}.Debug|Any CPU.Build.0 = Debug|Any CPU
		{60EB4D1B-E47A-4AF2-B024-E9BB37D4D6A4}.Release|Any CPU.ActiveCfg = Release|Any CPU
		{60EB4D1B-E47A-4AF2-B024-E9BB37D4D6A4}.Release|Any CPU.Build.0 = Release|Any CPU
		{2C249C25-A8A6-4F7F-A688-93981A50A83F}.Debug|Any CPU.ActiveCfg = Debug|Any CPU
		{2C249C25-A8A6-4F7F-A688-93981A50A83F}.Debug|Any CPU.Build.0 = Debug|Any CPU
		{2C249C25-A8A6-4F7F-A688-93981A50A83F}.Release|Any CPU.ActiveCfg = Release|Any CPU
		{2C249C25-A8A6-4F7F-A688-93981A50A83F}.Release|Any CPU.Build.0 = Release|Any CPU
		{556C56F3-2971-4264-938C-997812F3F9AF}.Debug|Any CPU.ActiveCfg = Debug|Any CPU
		{556C56F3-2971-4264-938C-997812F3F9AF}.Debug|Any CPU.Build.0 = Debug|Any CPU
		{556C56F3-2971-4264-938C-997812F3F9AF}.Release|Any CPU.ActiveCfg = Release|Any CPU
		{556C56F3-2971-4264-938C-997812F3F9AF}.Release|Any CPU.Build.0 = Release|Any CPU
	EndGlobalSection
	GlobalSection(SolutionProperties) = preSolution
		HideSolutionNode = FALSE
	EndGlobalSection
	GlobalSection(ExtensibilityGlobals) = postSolution
		SolutionGuid = {002A2813-33FF-4BE6-A82B-DCBDB7037128}
	EndGlobalSection
EndGlobal
